
Microsoft Visual Studio Solution File, Format Version 12.00
# Visual Studio 2012
Project("{FAE04EC0-301F-11D3-BF4B-00C04F79EFBC}") = "GoogleSiteMap", "GoogleSiteMap\GoogleSiteMap.csproj", "{925F7DB8-DB0E-4A38-B75D-1730B227D526}"
EndProject
Project("{FAE04EC0-301F-11D3-BF4B-00C04F79EFBC}") = "SiteMapMvc", "SiteMapMvc\SiteMapMvc\SiteMapMvc.csproj", "{087FC54B-A390-4861-B2B8-2865BC60A04F}"
EndProject
Global
	GlobalSection(SolutionConfigurationPlatforms) = preSolution
		Debug|Any CPU = Debug|Any CPU
		Release|Any CPU = Release|Any CPU
	EndGlobalSection
	GlobalSection(ProjectConfigurationPlatforms) = postSolution
		{925F7DB8-DB0E-4A38-B75D-1730B227D526}.Debug|Any CPU.ActiveCfg = Debug|Any CPU
		{925F7DB8-DB0E-4A38-B75D-1730B227D526}.Debug|Any CPU.Build.0 = Debug|Any CPU
		{925F7DB8-DB0E-4A38-B75D-1730B227D526}.Release|Any CPU.ActiveCfg = Release|Any CPU
		{925F7DB8-DB0E-4A38-B75D-1730B227D526}.Release|Any CPU.Build.0 = Release|Any CPU
		{087FC54B-A390-4861-B2B8-2865BC60A04F}.Debug|Any CPU.ActiveCfg = Debug|Any CPU
		{087FC54B-A390-4861-B2B8-2865BC60A04F}.Debug|Any CPU.Build.0 = Debug|Any CPU
		{087FC54B-A390-4861-B2B8-2865BC60A04F}.Release|Any CPU.ActiveCfg = Release|Any CPU
		{087FC54B-A390-4861-B2B8-2865BC60A04F}.Release|Any CPU.Build.0 = Release|Any CPU
	EndGlobalSection
	GlobalSection(SolutionProperties) = preSolution
		HideSolutionNode = FALSE
	EndGlobalSection
EndGlobal
